// !$*UTF8*$!
{
	archiveVersion = 1;
	classes = {
	};
	objectVersion = 48;
	objects = {

/* Begin PBXBuildFile section */
		3B311E2C2039A085005A9E23 /* DataService.swift in Sources */ = {isa = PBXBuildFile; fileRef = 3B311E2B2039A085005A9E23 /* DataService.swift */; };
		3B311E2E2039B4EA005A9E23 /* ScheduleListViewModel.swift in Sources */ = {isa = PBXBuildFile; fileRef = 3B311E2D2039B4EA005A9E23 /* ScheduleListViewModel.swift */; };
		3BCC1B2020388298008CE0A9 /* ScheduleVC.swift in Sources */ = {isa = PBXBuildFile; fileRef = 3BCC1B1F20388298008CE0A9 /* ScheduleVC.swift */; };
		3BCC1B2620388F65008CE0A9 /* TCellSchedule.swift in Sources */ = {isa = PBXBuildFile; fileRef = 3BCC1B2420388F65008CE0A9 /* TCellSchedule.swift */; };
		3BCC1B2720388F65008CE0A9 /* TCellSchedule.xib in Resources */ = {isa = PBXBuildFile; fileRef = 3BCC1B2520388F65008CE0A9 /* TCellSchedule.xib */; };
		3BCC1B2A20389ABF008CE0A9 /* UIViewExtension.swift in Sources */ = {isa = PBXBuildFile; fileRef = 3BCC1B2920389ABF008CE0A9 /* UIViewExtension.swift */; };
		3BCC1B2D2038A23B008CE0A9 /* ViewTitleWithDetail.swift in Sources */ = {isa = PBXBuildFile; fileRef = 3BCC1B2C2038A23B008CE0A9 /* ViewTitleWithDetail.swift */; };
		3BCC1B302038A260008CE0A9 /* ViewTitleWithDetail.xib in Resources */ = {isa = PBXBuildFile; fileRef = 3BCC1B2F2038A260008CE0A9 /* ViewTitleWithDetail.xib */; };
		3BDF2D64203850B100FC0266 /* AppDelegate.swift in Sources */ = {isa = PBXBuildFile; fileRef = 3BDF2D63203850B100FC0266 /* AppDelegate.swift */; };
		3BDF2D66203850B100FC0266 /* ScheduleListVC.swift in Sources */ = {isa = PBXBuildFile; fileRef = 3BDF2D65203850B100FC0266 /* ScheduleListVC.swift */; };
		3BDF2D69203850B100FC0266 /* Main.storyboard in Resources */ = {isa = PBXBuildFile; fileRef = 3BDF2D67203850B100FC0266 /* Main.storyboard */; };
		3BDF2D6B203850B100FC0266 /* Assets.xcassets in Resources */ = {isa = PBXBuildFile; fileRef = 3BDF2D6A203850B100FC0266 /* Assets.xcassets */; };
		3BDF2D6E203850B100FC0266 /* LaunchScreen.storyboard in Resources */ = {isa = PBXBuildFile; fileRef = 3BDF2D6C203850B100FC0266 /* LaunchScreen.storyboard */; };
		3BDF2D7B203854DE00FC0266 /* Schedule.swift in Sources */ = {isa = PBXBuildFile; fileRef = 3BDF2D7A203854DE00FC0266 /* Schedule.swift */; };
		3BDF2D7D2038591200FC0266 /* ScheduleViewModel.swift in Sources */ = {isa = PBXBuildFile; fileRef = 3BDF2D7C2038591200FC0266 /* ScheduleViewModel.swift */; };
		3BDF2D7F203859BD00FC0266 /* Dynamic.swift in Sources */ = {isa = PBXBuildFile; fileRef = 3BDF2D7E203859BD00FC0266 /* Dynamic.swift */; };
/* End PBXBuildFile section */

/* Begin PBXFileReference section */
		3B311E2B2039A085005A9E23 /* DataService.swift */ = {isa = PBXFileReference; lastKnownFileType = sourcecode.swift; path = DataService.swift; sourceTree = "<group>"; };
		3B311E2D2039B4EA005A9E23 /* ScheduleListViewModel.swift */ = {isa = PBXFileReference; lastKnownFileType = sourcecode.swift; path = ScheduleListViewModel.swift; sourceTree = "<group>"; };
		3BCC1B1F20388298008CE0A9 /* ScheduleVC.swift */ = {isa = PBXFileReference; lastKnownFileType = sourcecode.swift; path = ScheduleVC.swift; sourceTree = "<group>"; };
		3BCC1B2420388F65008CE0A9 /* TCellSchedule.swift */ = {isa = PBXFileReference; lastKnownFileType = sourcecode.swift; path = TCellSchedule.swift; sourceTree = "<group>"; };
		3BCC1B2520388F65008CE0A9 /* TCellSchedule.xib */ = {isa = PBXFileReference; lastKnownFileType = file.xib; path = TCellSchedule.xib; sourceTree = "<group>"; };
		3BCC1B2920389ABF008CE0A9 /* UIViewExtension.swift */ = {isa = PBXFileReference; lastKnownFileType = sourcecode.swift; path = UIViewExtension.swift; sourceTree = "<group>"; };
		3BCC1B2C2038A23B008CE0A9 /* ViewTitleWithDetail.swift */ = {isa = PBXFileReference; lastKnownFileType = sourcecode.swift; path = ViewTitleWithDetail.swift; sourceTree = "<group>"; };
		3BCC1B2F2038A260008CE0A9 /* ViewTitleWithDetail.xib */ = {isa = PBXFileReference; lastKnownFileType = file.xib; path = ViewTitleWithDetail.xib; sourceTree = "<group>"; };
		3BDF2D60203850B100FC0266 /* Scheduler.app */ = {isa = PBXFileReference; explicitFileType = wrapper.application; includeInIndex = 0; path = Scheduler.app; sourceTree = BUILT_PRODUCTS_DIR; };
		3BDF2D63203850B100FC0266 /* AppDelegate.swift */ = {isa = PBXFileReference; lastKnownFileType = sourcecode.swift; path = AppDelegate.swift; sourceTree = "<group>"; };
		3BDF2D65203850B100FC0266 /* ScheduleListVC.swift */ = {isa = PBXFileReference; lastKnownFileType = sourcecode.swift; path = ScheduleListVC.swift; sourceTree = "<group>"; };
		3BDF2D68203850B100FC0266 /* Base */ = {isa = PBXFileReference; lastKnownFileType = file.storyboard; name = Base; path = Base.lproj/Main.storyboard; sourceTree = "<group>"; };
		3BDF2D6A203850B100FC0266 /* Assets.xcassets */ = {isa = PBXFileReference; lastKnownFileType = folder.assetcatalog; path = Assets.xcassets; sourceTree = "<group>"; };
		3BDF2D6D203850B100FC0266 /* Base */ = {isa = PBXFileReference; lastKnownFileType = file.storyboard; name = Base; path = Base.lproj/LaunchScreen.storyboard; sourceTree = "<group>"; };
		3BDF2D6F203850B100FC0266 /* Info.plist */ = {isa = PBXFileReference; lastKnownFileType = text.plist.xml; path = Info.plist; sourceTree = "<group>"; };
		3BDF2D7A203854DE00FC0266 /* Schedule.swift */ = {isa = PBXFileReference; lastKnownFileType = sourcecode.swift; path = Schedule.swift; sourceTree = "<group>"; };
		3BDF2D7C2038591200FC0266 /* ScheduleViewModel.swift */ = {isa = PBXFileReference; lastKnownFileType = sourcecode.swift; path = ScheduleViewModel.swift; sourceTree = "<group>"; };
		3BDF2D7E203859BD00FC0266 /* Dynamic.swift */ = {isa = PBXFileReference; lastKnownFileType = sourcecode.swift; path = Dynamic.swift; sourceTree = "<group>"; };
/* End PBXFileReference section */

/* Begin PBXFrameworksBuildPhase section */
		3BDF2D5D203850B100FC0266 /* Frameworks */ = {
			isa = PBXFrameworksBuildPhase;
			buildActionMask = 2147483647;
			files = (
			);
			runOnlyForDeploymentPostprocessing = 0;
		};
/* End PBXFrameworksBuildPhase section */

/* Begin PBXGroup section */
		3BCC1B2120388F1A008CE0A9 /* TCellSchedule */ = {
			isa = PBXGroup;
			children = (
				3BCC1B2420388F65008CE0A9 /* TCellSchedule.swift */,
				3BCC1B2520388F65008CE0A9 /* TCellSchedule.xib */,
			);
			path = TCellSchedule;
			sourceTree = "<group>";
		};
		3BCC1B2820389AA6008CE0A9 /* Extension */ = {
			isa = PBXGroup;
			children = (
				3BCC1B2920389ABF008CE0A9 /* UIViewExtension.swift */,
			);
			path = Extension;
			sourceTree = "<group>";
		};
		3BCC1B2E2038A240008CE0A9 /* ViewTitleWitDetail */ = {
			isa = PBXGroup;
			children = (
				3BCC1B2C2038A23B008CE0A9 /* ViewTitleWithDetail.swift */,
				3BCC1B2F2038A260008CE0A9 /* ViewTitleWithDetail.xib */,
			);
			path = ViewTitleWitDetail;
			sourceTree = "<group>";
		};
		3BDF2D57203850B100FC0266 = {
			isa = PBXGroup;
			children = (
				3BDF2D62203850B100FC0266 /* Scheduler */,
				3BDF2D61203850B100FC0266 /* Products */,
			);
			sourceTree = "<group>";
		};
		3BDF2D61203850B100FC0266 /* Products */ = {
			isa = PBXGroup;
			children = (
				3BDF2D60203850B100FC0266 /* Scheduler.app */,
			);
			name = Products;
			sourceTree = "<group>";
		};
		3BDF2D62203850B100FC0266 /* Scheduler */ = {
			isa = PBXGroup;
			children = (
				3BCC1B2820389AA6008CE0A9 /* Extension */,
				3BDF2D792038513E00FC0266 /* Service */,
				3BDF2D782038513100FC0266 /* ViewModel */,
				3BDF2D772038512900FC0266 /* Model */,
				3BDF2D762038511D00FC0266 /* View */,
				3BDF2D752038510A00FC0266 /* ViewController */,
				3BDF2D63203850B100FC0266 /* AppDelegate.swift */,
				3BDF2D67203850B100FC0266 /* Main.storyboard */,
				3BDF2D6A203850B100FC0266 /* Assets.xcassets */,
				3BDF2D6C203850B100FC0266 /* LaunchScreen.storyboard */,
				3BDF2D6F203850B100FC0266 /* Info.plist */,
			);
			path = Scheduler;
			sourceTree = "<group>";
		};
		3BDF2D752038510A00FC0266 /* ViewController */ = {
			isa = PBXGroup;
			children = (
				3BDF2D65203850B100FC0266 /* ScheduleListVC.swift */,
				3BCC1B1F20388298008CE0A9 /* ScheduleVC.swift */,
			);
			path = ViewController;
			sourceTree = "<group>";
		};
		3BDF2D762038511D00FC0266 /* View */ = {
			isa = PBXGroup;
			children = (
				3BCC1B2E2038A240008CE0A9 /* ViewTitleWitDetail */,
				3BCC1B2120388F1A008CE0A9 /* TCellSchedule */,
			);
			path = View;
			sourceTree = "<group>";
		};
		3BDF2D772038512900FC0266 /* Model */ = {
			isa = PBXGroup;
			children = (
				3BDF2D7A203854DE00FC0266 /* Schedule.swift */,
			);
			path = Model;
			sourceTree = "<group>";
		};
		3BDF2D782038513100FC0266 /* ViewModel */ = {
			isa = PBXGroup;
			children = (
				3BDF2D7C2038591200FC0266 /* ScheduleViewModel.swift */,
				3BDF2D7E203859BD00FC0266 /* Dynamic.swift */,
				3B311E2D2039B4EA005A9E23 /* ScheduleListViewModel.swift */,
			);
			path = ViewModel;
			sourceTree = "<group>";
		};
		3BDF2D792038513E00FC0266 /* Service */ = {
			isa = PBXGroup;
			children = (
				3B311E2B2039A085005A9E23 /* DataService.swift */,
			);
			path = Service;
			sourceTree = "<group>";
		};
/* End PBXGroup section */

/* Begin PBXNativeTarget section */
		3BDF2D5F203850B100FC0266 /* Scheduler */ = {
			isa = PBXNativeTarget;
			buildConfigurationList = 3BDF2D72203850B100FC0266 /* Build configuration list for PBXNativeTarget "Scheduler" */;
			buildPhases = (
				3BDF2D5C203850B100FC0266 /* Sources */,
				3BDF2D5D203850B100FC0266 /* Frameworks */,
				3BDF2D5E203850B100FC0266 /* Resources */,
			);
			buildRules = (
			);
			dependencies = (
			);
			name = Scheduler;
			productName = Scheduler;
			productReference = 3BDF2D60203850B100FC0266 /* Scheduler.app */;
			productType = "com.apple.product-type.application";
		};
/* End PBXNativeTarget section */

/* Begin PBXProject section */
		3BDF2D58203850B100FC0266 /* Project object */ = {
			isa = PBXProject;
			attributes = {
				LastSwiftUpdateCheck = 0920;
				LastUpgradeCheck = 0920;
				ORGANIZATIONNAME = alisandagdelen;
				TargetAttributes = {
					3BDF2D5F203850B100FC0266 = {
						CreatedOnToolsVersion = 9.2;
						ProvisioningStyle = Automatic;
					};
				};
			};
			buildConfigurationList = 3BDF2D5B203850B100FC0266 /* Build configuration list for PBXProject "Scheduler" */;
			compatibilityVersion = "Xcode 8.0";
			developmentRegion = en;
			hasScannedForEncodings = 0;
			knownRegions = (
				en,
				Base,
			);
			mainGroup = 3BDF2D57203850B100FC0266;
			productRefGroup = 3BDF2D61203850B100FC0266 /* Products */;
			projectDirPath = "";
			projectRoot = "";
			targets = (
				3BDF2D5F203850B100FC0266 /* Scheduler */,
			);
		};
/* End PBXProject section */

/* Begin PBXResourcesBuildPhase section */
		3BDF2D5E203850B100FC0266 /* Resources */ = {
			isa = PBXResourcesBuildPhase;
			buildActionMask = 2147483647;
			files = (
				3BCC1B302038A260008CE0A9 /* ViewTitleWithDetail.xib in Resources */,
				3BDF2D6E203850B100FC0266 /* LaunchScreen.storyboard in Resources */,
				3BDF2D6B203850B100FC0266 /* Assets.xcassets in Resources */,
				3BDF2D69203850B100FC0266 /* Main.storyboard in Resources */,
				3BCC1B2720388F65008CE0A9 /* TCellSchedule.xib in Resources */,
			);
			runOnlyForDeploymentPostprocessing = 0;
		};
/* End PBXResourcesBuildPhase section */

/* Begin PBXSourcesBuildPhase section */
		3BDF2D5C203850B100FC0266 /* Sources */ = {
			isa = PBXSourcesBuildPhase;
			buildActionMask = 2147483647;
			files = (
				3BCC1B2D2038A23B008CE0A9 /* ViewTitleWithDetail.swift in Sources */,
				3BDF2D7B203854DE00FC0266 /* Schedule.swift in Sources */,
				3BDF2D7F203859BD00FC0266 /* Dynamic.swift in Sources */,
				3BDF2D66203850B100FC0266 /* ScheduleListVC.swift in Sources */,
				3BCC1B2620388F65008CE0A9 /* TCellSchedule.swift in Sources */,
				3BDF2D64203850B100FC0266 /* AppDelegate.swift in Sources */,
				3BDF2D7D2038591200FC0266 /* ScheduleViewModel.swift in Sources */,
				3BCC1B2020388298008CE0A9 /* ScheduleVC.swift in Sources */,
				3B311E2E2039B4EA005A9E23 /* ScheduleListViewModel.swift in Sources */,
				3BCC1B2A20389ABF008CE0A9 /* UIViewExtension.swift in Sources */,
				3B311E2C2039A085005A9E23 /* DataService.swift in Sources */,
			);
			runOnlyForDeploymentPostprocessing = 0;
		};
/* End PBXSourcesBuildPhase section */

/* Begin PBXVariantGroup section */
		3BDF2D67203850B100FC0266 /* Main.storyboard */ = {
			isa = PBXVariantGroup;
			children = (
				3BDF2D68203850B100FC0266 /* Base */,
			);
			name = Main.storyboard;
			sourceTree = "<group>";
		};
		3BDF2D6C203850B100FC0266 /* LaunchScreen.storyboard */ = {
			isa = PBXVariantGroup;
			children = (
				3BDF2D6D203850B100FC0266 /* Base */,
			);
			name = LaunchScreen.storyboard;
			sourceTree = "<group>";
		};
/* End PBXVariantGroup section */

/* Begin XCBuildConfiguration section */
		3BDF2D70203850B100FC0266 /* Debug */ = {
			isa = XCBuildConfiguration;
			buildSettings = {
				ALWAYS_SEARCH_USER_PATHS = NO;
				CLANG_ANALYZER_NONNULL = YES;
				CLANG_ANALYZER_NUMBER_OBJECT_CONVERSION = YES_AGGRESSIVE;
				CLANG_CXX_LANGUAGE_STANDARD = "gnu++14";
				CLANG_CXX_LIBRARY = "libc++";
				CLANG_ENABLE_MODULES = YES;
				CLANG_ENABLE_OBJC_ARC = YES;
				CLANG_WARN_BLOCK_CAPTURE_AUTORELEASING = YES;
				CLANG_WARN_BOOL_CONVERSION = YES;
				CLANG_WARN_COMMA = YES;
				CLANG_WARN_CONSTANT_CONVERSION = YES;
				CLANG_WARN_DIRECT_OBJC_ISA_USAGE = YES_ERROR;
				CLANG_WARN_DOCUMENTATION_COMMENTS = YES;
				CLANG_WARN_EMPTY_BODY = YES;
				CLANG_WARN_ENUM_CONVERSION = YES;
				CLANG_WARN_INFINITE_RECURSION = YES;
				CLANG_WARN_INT_CONVERSION = YES;
				CLANG_WARN_NON_LITERAL_NULL_CONVERSION = YES;
				CLANG_WARN_OBJC_LITERAL_CONVERSION = YES;
				CLANG_WARN_OBJC_ROOT_CLASS = YES_ERROR;
				CLANG_WARN_RANGE_LOOP_ANALYSIS = YES;
				CLANG_WARN_STRICT_PROTOTYPES = YES;
				CLANG_WARN_SUSPICIOUS_MOVE = YES;
				CLANG_WARN_UNGUARDED_AVAILABILITY = YES_AGGRESSIVE;
				CLANG_WARN_UNREACHABLE_CODE = YES;
				CLANG_WARN__DUPLICATE_METHOD_MATCH = YES;
				CODE_SIGN_IDENTITY = "iPhone Developer";
				COPY_PHASE_STRIP = NO;
				DEBUG_INFORMATION_FORMAT = dwarf;
				ENABLE_STRICT_OBJC_MSGSEND = YES;
				ENABLE_TESTABILITY = YES;
				GCC_C_LANGUAGE_STANDARD = gnu11;
				GCC_DYNAMIC_NO_PIC = NO;
				GCC_NO_COMMON_BLOCKS = YES;
				GCC_OPTIMIZATION_LEVEL = 0;
				GCC_PREPROCESSOR_DEFINITIONS = (
					"DEBUG=1",
					"$(inherited)",
				);
				GCC_WARN_64_TO_32_BIT_CONVERSION = YES;
				GCC_WARN_ABOUT_RETURN_TYPE = YES_ERROR;
				GCC_WARN_UNDECLARED_SELECTOR = YES;
				GCC_WARN_UNINITIALIZED_AUTOS = YES_AGGRESSIVE;
				GCC_WARN_UNUSED_FUNCTION = YES;
				GCC_WARN_UNUSED_VARIABLE = YES;
				IPHONEOS_DEPLOYMENT_TARGET = 11.2;
				MTL_ENABLE_DEBUG_INFO = YES;
				ONLY_ACTIVE_ARCH = YES;
				SDKROOT = iphoneos;
				SWIFT_ACTIVE_COMPILATION_CONDITIONS = DEBUG;
				SWIFT_OPTIMIZATION_LEVEL = "-Onone";
			};
			name = Debug;
		};
		3BDF2D71203850B100FC0266 /* Release */ = {
			isa = XCBuildConfiguration;
			buildSettings = {
				ALWAYS_SEARCH_USER_PATHS = NO;
				CLANG_ANALYZER_NONNULL = YES;
				CLANG_ANALYZER_NUMBER_OBJECT_CONVERSION = YES_AGGRESSIVE;
				CLANG_CXX_LANGUAGE_STANDARD = "gnu++14";
				CLANG_CXX_LIBRARY = "libc++";
				CLANG_ENABLE_MODULES = YES;
				CLANG_ENABLE_OBJC_ARC = YES;
				CLANG_WARN_BLOCK_CAPTURE_AUTORELEASING = YES;
				CLANG_WARN_BOOL_CONVERSION = YES;
				CLANG_WARN_COMMA = YES;
				CLANG_WARN_CONSTANT_CONVERSION = YES;
				CLANG_WARN_DIRECT_OBJC_ISA_USAGE = YES_ERROR;
				CLANG_WARN_DOCUMENTATION_COMMENTS = YES;
				CLANG_WARN_EMPTY_BODY = YES;
				CLANG_WARN_ENUM_CONVERSION = YES;
				CLANG_WARN_INFINITE_RECURSION = YES;
				CLANG_WARN_INT_CONVERSION = YES;
				CLANG_WARN_NON_LITERAL_NULL_CONVERSION = YES;
				CLANG_WARN_OBJC_LITERAL_CONVERSION = YES;
				CLANG_WARN_OBJC_ROOT_CLASS = YES_ERROR;
				CLANG_WARN_RANGE_LOOP_ANALYSIS = YES;
				CLANG_WARN_STRICT_PROTOTYPES = YES;
				CLANG_WARN_SUSPICIOUS_MOVE = YES;
				CLANG_WARN_UNGUARDED_AVAILABILITY = YES_AGGRESSIVE;
				CLANG_WARN_UNREACHABLE_CODE = YES;
				CLANG_WARN__DUPLICATE_METHOD_MATCH = YES;
				CODE_SIGN_IDENTITY = "iPhone Developer";
				COPY_PHASE_STRIP = NO;
				DEBUG_INFORMATION_FORMAT = "dwarf-with-dsym";
				ENABLE_NS_ASSERTIONS = NO;
				ENABLE_STRICT_OBJC_MSGSEND = YES;
				GCC_C_LANGUAGE_STANDARD = gnu11;
				GCC_NO_COMMON_BLOCKS = YES;
				GCC_WARN_64_TO_32_BIT_CONVERSION = YES;
				GCC_WARN_ABOUT_RETURN_TYPE = YES_ERROR;
				GCC_WARN_UNDECLARED_SELECTOR = YES;
				GCC_WARN_UNINITIALIZED_AUTOS = YES_AGGRESSIVE;
				GCC_WARN_UNUSED_FUNCTION = YES;
				GCC_WARN_UNUSED_VARIABLE = YES;
				IPHONEOS_DEPLOYMENT_TARGET = 11.2;
				MTL_ENABLE_DEBUG_INFO = NO;
				SDKROOT = iphoneos;
				SWIFT_OPTIMIZATION_LEVEL = "-Owholemodule";
				VALIDATE_PRODUCT = YES;
			};
			name = Release;
		};
		3BDF2D73203850B100FC0266 /* Debug */ = {
			isa = XCBuildConfiguration;
			buildSettings = {
				ASSETCATALOG_COMPILER_APPICON_NAME = AppIcon;
				CODE_SIGN_STYLE = Automatic;
				DEVELOPMENT_TEAM = 4BE9CR5D8N;
				INFOPLIST_FILE = Scheduler/Info.plist;
				LD_RUNPATH_SEARCH_PATHS = "$(inherited) @executable_path/Frameworks";
				PRODUCT_BUNDLE_IDENTIFIER = com.alisandagdelen.Scheduler;
				PRODUCT_NAME = "$(TARGET_NAME)";
				SWIFT_VERSION = 4.0;
				TARGETED_DEVICE_FAMILY = "1,2";
			};
			name = Debug;
		};
		3BDF2D74203850B100FC0266 /* Release */ = {
			isa = XCBuildConfiguration;
			buildSettings = {
				ASSETCATALOG_COMPILER_APPICON_NAME = AppIcon;
				CODE_SIGN_STYLE = Automatic;
				DEVELOPMENT_TEAM = 4BE9CR5D8N;
				INFOPLIST_FILE = Scheduler/Info.plist;
				LD_RUNPATH_SEARCH_PATHS = "$(inherited) @executable_path/Frameworks";
				PRODUCT_BUNDLE_IDENTIFIER = com.alisandagdelen.Scheduler;
				PRODUCT_NAME = "$(TARGET_NAME)";
				SWIFT_VERSION = 4.0;
				TARGETED_DEVICE_FAMILY = "1,2";
			};
			name = Release;
		};
/* End XCBuildConfiguration section */

/* Begin XCConfigurationList section */
		3BDF2D5B203850B100FC0266 /* Build configuration list for PBXProject "Scheduler" */ = {
			isa = XCConfigurationList;
			buildConfigurations = (
				3BDF2D70203850B100FC0266 /* Debug */,
				3BDF2D71203850B100FC0266 /* Release */,
			);
			defaultConfigurationIsVisible = 0;
			defaultConfigurationName = Release;
		};
		3BDF2D72203850B100FC0266 /* Build configuration list for PBXNativeTarget "Scheduler" */ = {
			isa = XCConfigurationList;
			buildConfigurations = (
				3BDF2D73203850B100FC0266 /* Debug */,
				3BDF2D74203850B100FC0266 /* Release */,
			);
			defaultConfigurationIsVisible = 0;
			defaultConfigurationName = Release;
		};
/* End XCConfigurationList section */
	};
	rootObject = 3BDF2D58203850B100FC0266 /* Project object */;
}
